<?xml version="1.0" encoding="utf-8"?>
<Project ToolsVersion="4.0" xmlns="http://schemas.microsoft.com/developer/msbuild/2003">
  <ItemGroup>
    <Filter Include="Source Files">
      <UniqueIdentifier>{4FC737F1-C7A5-4376-A066-2A32D752A2FF}</UniqueIdentifier>
      <Extensions>cpp;c;cc;cxx;c++;cppm;ixx;def;odl;idl;hpj;bat;asm;asmx</Extensions>
    </Filter>
    <Filter Include="Header Files">
      <UniqueIdentifier>{93995380-89BD-4b04-88EB-625FBE52EBFB}</UniqueIdentifier>
      <Extensions>h;hh;hpp;hxx;h++;hm;inl;inc;ipp;xsd</Extensions>
    </Filter>
    <Filter Include="Resource Files">
      <UniqueIdentifier>{67DA6AB6-F800-4c08-8B7A-83BB121AAD01}</UniqueIdentifier>
      <Extensions>rc;ico;cur;bmp;dlg;rc2;rct;bin;rgs;gif;jpg;jpeg;jpe;resx;tiff;tif;png;wav;mfcribbon-ms</Extensions>
    </Filter>
  </ItemGroup>
  <ItemGroup>
    <ClCompile Include="TestCppUtilities.cpp">
      <Filter>Source Files</Filter>
    </ClCompile>
    <ClCompile Include="test_ConcurrencyPolicies.cpp">
      <Filter>Source Files</Filter>
    </ClCompile>
    <ClCompile Include="test_Expected.cpp">
      <Filter>Source Files</Filter>
    </ClCompile>
    <ClCompile Include="test_Factory.cpp">
      <Filter>Source Files</Filter>
    </ClCompile>
    <ClCompile Include="test_Enforce.cpp">
      <Filter>Source Files</Filter>
    </ClCompile>
    <ClCompile Include="test_DiagnosticLogger.cpp">
      <Filter>Source Files</Filter>
    </ClCompile>
    <ClCompile Include="test_CheckedArithmetic.cpp">
      <Filter>Source Files</Filter>
    </ClCompile>
    <ClCompile Include="test_ScopeGuard.cpp">
      <Filter>Source Files</Filter>
    </ClCompile>
    <ClCompile Include="test_Stringify.cpp">
      <Filter>Source Files</Filter>
    </ClCompile>
    <ClCompile Include="test_TypeTraits.cpp">
      <Filter>Source Files</Filter>
    </ClCompile>
    <ClCompile Include="test_ContractException.cpp">
      <Filter>Source Files</Filter>
    </ClCompile>
    <ClCompile Include="test_ConstexprUtilities.cpp">
      <Filter>Source Files</Filter>
    </ClCompile>
    <ClCompile Include="test_EqualityComparisons.cpp">
      <Filter>Source Files</Filter>
    </ClCompile>
    <ClCompile Include="test_EnforcedInit.cpp">
      <Filter>Source Files</Filter>
    </ClCompile>
    <ClCompile Include="test_AtomicReference.cpp">
      <Filter>Source Files</Filter>
    </ClCompile>
    <ClCompile Include="test_StrongId.cpp">
      <Filter>Source Files</Filter>
    </ClCompile>
    <ClCompile Include="test_ValueGuard.cpp">
      <Filter>Source Files</Filter>
    </ClCompile>
    <ClCompile Include="test_AllocationStrategy.cpp">
      <Filter>Source Files</Filter>
    </ClCompile>
    <ClCompile Include="test_EnumPlus.cpp">
      <Filter>Source Files</Filter>
    </ClCompile>
    <ClCompile Include="test_AdaptiveIterator.cpp">
      <Filter>Source Files</Filter>
    </ClCompile>
    <ClCompile Include="test_StateMachine.cpp">
      <Filter>Source Files</Filter>
    </ClCompile>
    <ClCompile Include="test_SortedContainer.cpp">
      <Filter>Source Files</Filter>
    </ClCompile>
    <ClCompile Include="test_JsonLite.cpp">
      <Filter>Source Files</Filter>
    </ClCompile>
    <ClCompile Include="test_UltraLoggers.cpp">
      <Filter>Source Files</Filter>
    </ClCompile>
  </ItemGroup>
  <ItemGroup>
    <ClInclude Include="AllocationStrategy.h">
      <Filter>Header Files</Filter>
    </ClInclude>
    <ClInclude Include="ComparisonTolerances.h">
      <Filter>Header Files</Filter>
    </ClInclude>
    <ClInclude Include="ConstexprUtilities.h">
      <Filter>Header Files</Filter>
    </ClInclude>
    <ClInclude Include="ContractException.h">
      <Filter>Header Files</Filter>
    </ClInclude>
    <ClInclude Include="enforce_enforcers.h">
      <Filter>Header Files</Filter>
    </ClInclude>
    <ClInclude Include="enforce_predicates.h">
      <Filter>Header Files</Filter>
    </ClInclude>
    <ClInclude Include="enforce_raisers.h">
      <Filter>Header Files</Filter>
    </ClInclude>
    <ClInclude Include="EnumPlus.h">
      <Filter>Header Files</Filter>
    </ClInclude>
    <ClInclude Include="EqualityAny.h">
      <Filter>Header Files</Filter>
    </ClInclude>
    <ClInclude Include="EqualityComparisons.h">
      <Filter>Header Files</Filter>
    </ClInclude>
    <ClInclude Include="Factory.h">
      <Filter>Header Files</Filter>
    </ClInclude>
    <ClInclude Include="CheckedArithmetic.h">
      <Filter>Header Files</Filter>
    </ClInclude>
    <ClInclude Include="ValueGuard.h">
      <Filter>Header Files</Filter>
    </ClInclude>
    <ClInclude Include="SortedContainer.h">
      <Filter>Header Files</Filter>
    </ClInclude>
    <ClInclude Include="StateMachine.h">
      <Filter>Header Files</Filter>
    </ClInclude>
    <ClInclude Include="AtomicReference.h">
      <Filter>Header Files</Filter>
    </ClInclude>
    <ClInclude Include="ConcurrencyPolicies.h">
      <Filter>Header Files</Filter>
    </ClInclude>
    <ClInclude Include="enforce.h">
      <Filter>Header Files</Filter>
    </ClInclude>
    <ClInclude Include="enforce_raiser_selector.h">
      <Filter>Header Files</Filter>
    </ClInclude>
    <ClInclude Include="enforce_contextual.h">
      <Filter>Header Files</Filter>
    </ClInclude>
    <ClInclude Include="enforce_contextual_policies.h">
      <Filter>Header Files</Filter>
    </ClInclude>
    <ClInclude Include="Expected.h">
      <Filter>Header Files</Filter>
    </ClInclude>
    <ClInclude Include="EnforcedInit.h">
      <Filter>Header Files</Filter>
    </ClInclude>
    <ClInclude Include="StrongId.h">
      <Filter>Header Files</Filter>
    </ClInclude>
    <ClInclude Include="ScopeGuard.h">
      <Filter>Header Files</Filter>
    </ClInclude>
    <ClInclude Include="ScopeGuardPolicies.h">
      <Filter>Header Files</Filter>
    </ClInclude>
    <ClInclude Include="AdaptiveIterator.h">
      <Filter>Header Files</Filter>
    </ClInclude>
    <ClInclude Include="TypeTraits.h">
      <Filter>Header Files</Filter>
    </ClInclude>
    <ClInclude Include="test_ConcurrencyPolicies.h">
      <Filter>Header Files</Filter>
    </ClInclude>
    <ClInclude Include="test_Expected.h">
      <Filter>Header Files</Filter>
    </ClInclude>
    <ClInclude Include="test_Utilities.h">
      <Filter>Header Files</Filter>
    </ClInclude>
    <ClInclude Include="test_Factory.h">
      <Filter>Header Files</Filter>
    </ClInclude>
    <ClInclude Include="test_Enforce.h">
      <Filter>Header Files</Filter>
    </ClInclude>
    <ClInclude Include="DiagnosticLogger.h">
      <Filter>Header Files</Filter>
    </ClInclude>
    <ClInclude Include="test_DiagnosticLogger.h">
      <Filter>Header Files</Filter>
    </ClInclude>
    <ClInclude Include="test_CheckedArithmetic.h">
      <Filter>Header Files</Filter>
    </ClInclude>
    <ClInclude Include="test_ScopeGuard.h">
      <Filter>Header Files</Filter>
    </ClInclude>
    <ClInclude Include="Stringify.h">
      <Filter>Header Files</Filter>
    </ClInclude>
    <ClInclude Include="test_Stringify.h">
      <Filter>Header Files</Filter>
    </ClInclude>
    <ClInclude Include="test_TypeTraits.h">
      <Filter>Header Files</Filter>
    </ClInclude>
    <ClInclude Include="test_ContractException.h">
      <Filter>Header Files</Filter>
    </ClInclude>
    <ClInclude Include="test_ConstexprUtilities.h">
      <Filter>Header Files</Filter>
    </ClInclude>
    <ClInclude Include="test_EqualityComparisons.h">
      <Filter>Header Files</Filter>
    </ClInclude>
    <ClInclude Include="test_EnforcedInit.h">
      <Filter>Header Files</Filter>
    </ClInclude>
    <ClInclude Include="test_AtomicReference.h">
      <Filter>Header Files</Filter>
    </ClInclude>
    <ClInclude Include="test_StrongId.h">
      <Filter>Header Files</Filter>
    </ClInclude>
    <ClInclude Include="test_ValueGuard.h">
      <Filter>Header Files</Filter>
    </ClInclude>
    <ClInclude Include="test_AllocationStrategy.h">
      <Filter>Header Files</Filter>
    </ClInclude>
    <ClInclude Include="test_EnumPlus.h">
      <Filter>Header Files</Filter>
    </ClInclude>
    <ClInclude Include="test_AdaptiveIterator.h">
      <Filter>Header Files</Filter>
    </ClInclude>
    <ClInclude Include="test_StateMachine.h">
      <Filter>Header Files</Filter>
    </ClInclude>
    <ClInclude Include="test_SortedContainer.h">
      <Filter>Header Files</Filter>
    </ClInclude>
    <ClInclude Include="test_JsonLite.h">
      <Filter>Header Files</Filter>
    </ClInclude>
    <ClInclude Include="LoggerAsync.h">
      <Filter>Header Files</Filter>
    </ClInclude>
    <ClInclude Include="LoggerHybrid.h">
      <Filter>Header Files</Filter>
    </ClInclude>
    <ClInclude Include="LoggerPolicy.h">
      <Filter>Header Files</Filter>
    </ClInclude>
    <ClInclude Include="test_UltraLoggers.h">
      <Filter>Header Files</Filter>
    </ClInclude>
    <ClInclude Include="JsonLite.h">
      <Filter>Header Files</Filter>
    </ClInclude>
  </ItemGroup>
</Project>