<?xml version="1.0" encoding="utf-8"?>
<Project ToolsVersion="4.0" xmlns="http://schemas.microsoft.com/developer/msbuild/2003">
  <ItemGroup>
    <Filter Include="Source Files">
      <UniqueIdentifier>{4FC737F1-C7A5-4376-A066-2A32D752A2FF}</UniqueIdentifier>
      <Extensions>cpp;c;cc;cxx;c++;cppm;ixx;def;odl;idl;hpj;bat;asm;asmx</Extensions>
    </Filter>
    <Filter Include="Header Files">
      <UniqueIdentifier>{93995380-89BD-4b04-88EB-625FBE52EBFB}</UniqueIdentifier>
      <Extensions>h;hh;hpp;hxx;h++;hm;inl;inc;ipp;xsd</Extensions>
    </Filter>
    <Filter Include="Resource Files">
      <UniqueIdentifier>{67DA6AB6-F800-4c08-8B7A-83BB121AAD01}</UniqueIdentifier>
      <Extensions>rc;ico;cur;bmp;dlg;rc2;rct;bin;rgs;gif;jpg;jpeg;jpe;resx;tiff;tif;png;wav;mfcribbon-ms</Extensions>
    </Filter>
  </ItemGroup>
  <ItemGroup>
    <ClCompile Include="TestCppUtilities.cpp">
      <Filter>Source Files</Filter>
    </ClCompile>
    <ClCompile Include="test_ConcurrencyPolicies.cpp">
      <Filter>Source Files</Filter>
    </ClCompile>
    <ClCompile Include="test_Expected.cpp">
      <Filter>Source Files</Filter>
    </ClCompile>
    <ClCompile Include="test_Factory.cpp">
      <Filter>Source Files</Filter>
    </ClCompile>
    <ClCompile Include="test_Enforce.cpp">
      <Filter>Source Files</Filter>
    </ClCompile>
    <ClCompile Include="test_DiagnosticLogger.cpp">
      <Filter>Source Files</Filter>
    </ClCompile>
    <ClCompile Include="test_CheckedArithmetic.cpp">
      <Filter>Source Files</Filter>
    </ClCompile>
    <ClCompile Include="test_ScopeGuard.cpp">
      <Filter>Source Files</Filter>
    </ClCompile>
    <ClCompile Include="test_Stringify.cpp">
      <Filter>Source Files</Filter>
    </ClCompile>
    <ClCompile Include="test_TypeTraits.cpp">
      <Filter>Source Files</Filter>
    </ClCompile>
    <ClCompile Include="test_ContractException.cpp">
      <Filter>Source Files</Filter>
    </ClCompile>
    <ClCompile Include="test_ConstexprUtilities.cpp">
      <Filter>Source Files</Filter>
    </ClCompile>
    <ClCompile Include="test_EqualityComparisons.cpp">
      <Filter>Source Files</Filter>
    </ClCompile>
    <ClCompile Include="test_EnforcedInit.cpp">
      <Filter>Source Files</Filter>
    </ClCompile>
    <ClCompile Include="test_AtomicReference.cpp">
      <Filter>Source Files</Filter>
    </ClCompile>
    <ClCompile Include="test_StrongId.cpp">
      <Filter>Source Files</Filter>
    </ClCompile>
    <ClCompile Include="test_ValueGuard.cpp">
      <Filter>Source Files</Filter>
    </ClCompile>
    <ClCompile Include="test_AllocationStrategy.cpp">
      <Filter>Source Files</Filter>
    </ClCompile>
    <ClCompile Include="test_EnumPlus.cpp">
      <Filter>Source Files</Filter>
    </ClCompile>
    <ClCompile Include="test_AdaptiveIterator.cpp">
      <Filter>Source Files</Filter>
    </ClCompile>
    <ClCompile Include="test_StateMachine.cpp">
      <Filter>Source Files</Filter>
    </ClCompile>
    <ClCompile Include="test_SortedContainer.cpp">
      <Filter>Source Files</Filter>
    </ClCompile>
    <ClCompile Include="test_UltraLoggers.cpp">
      <Filter>Source Files</Filter>
    </ClCompile>
    <ClCompile Include="test_FeatureManager.cpp">
      <Filter>Source Files</Filter>
    </ClCompile>
    <ClCompile Include="test_FastHashMap.cpp">
      <Filter>Source Files</Filter>
    </ClCompile>
    <ClCompile Include="test_SmallVector.cpp">
      <Filter>Source Files</Filter>
    </ClCompile>
    <ClCompile Include="test_BenchmarkHarness.cpp">
      <Filter>Source Files</Filter>
    </ClCompile>
    <ClCompile Include="test_BitSet.cpp">
      <Filter>Source Files</Filter>
    </ClCompile>
    <ClCompile Include="test_CoroutineTask.cpp">
      <Filter>Source Files</Filter>
    </ClCompile>
    <ClCompile Include="test_LockFreeQueue.cpp">
      <Filter>Source Files</Filter>
    </ClCompile>
    <ClCompile Include="test_MemoryMappedFile.cpp">
      <Filter>Source Files</Filter>
    </ClCompile>
    <ClCompile Include="test_RateLimiter.cpp">
      <Filter>Source Files</Filter>
    </ClCompile>
    <ClCompile Include="test_SparseSet.cpp">
      <Filter>Source Files</Filter>
    </ClCompile>
    <ClCompile Include="test_StringPool.cpp">
      <Filter>Source Files</Filter>
    </ClCompile>
    <ClCompile Include="test_TensorMath.cpp">
      <Filter>Source Files</Filter>
    </ClCompile>
    <ClCompile Include="test_ThreadPool.cpp">
      <Filter>Source Files</Filter>
    </ClCompile>
    <ClCompile Include="test_AsyncOperations.cpp">
      <Filter>Source Files</Filter>
    </ClCompile>
    <ClCompile Include="test_BinarySerializer.cpp">
      <Filter>Source Files</Filter>
    </ClCompile>
    <ClCompile Include="test_CircularBuffer.cpp">
      <Filter>Source Files</Filter>
    </ClCompile>
    <ClCompile Include="test_DebugOnly.cpp">
      <Filter>Source Files</Filter>
    </ClCompile>
    <ClCompile Include="test_FlatMap.cpp">
      <Filter>Source Files</Filter>
    </ClCompile>
    <ClCompile Include="test_FlatSet.cpp">
      <Filter>Source Files</Filter>
    </ClCompile>
    <ClCompile Include="test_ObjectPool.cpp">
      <Filter>Source Files</Filter>
    </ClCompile>
    <ClCompile Include="test_PipeOperator.cpp">
      <Filter>Source Files</Filter>
    </ClCompile>
    <ClCompile Include="test_Stacktrace.cpp">
      <Filter>Source Files</Filter>
    </ClCompile>
    <ClCompile Include="test_IdGenerator.cpp">
      <Filter>Source Files</Filter>
    </ClCompile>
    <ClCompile Include="test_SlotMap.cpp">
      <Filter>Source Files</Filter>
    </ClCompile>
    <ClCompile Include="test_LockFreeRingBuffer.cpp">
      <Filter>Source Files</Filter>
    </ClCompile>
    <ClCompile Include="test_IntrusiveList.cpp">
      <Filter>Source Files</Filter>
    </ClCompile>
    <ClCompile Include="test_Reflection.cpp">
      <Filter>Source Files</Filter>
    </ClCompile>
    <ClCompile Include="test_TensorCompareSeialize.cpp">
      <Filter>Source Files</Filter>
    </ClCompile>
    <ClCompile Include="test_SimdVector.cpp">
      <Filter>Source Files</Filter>
    </ClCompile>
    <ClCompile Include="test_NumaAllocator.cpp">
      <Filter>Source Files</Filter>
    </ClCompile>
    <ClCompile Include="test_CSRMatrix.cpp">
      <Filter>Source Files</Filter>
    </ClCompile>
    <ClCompile Include="test_CacheUtilities.cpp">
      <Filter>Source Files</Filter>
    </ClCompile>
    <ClCompile Include="test_AlignedVector.cpp">
      <Filter>Source Files</Filter>
    </ClCompile>
    <ClCompile Include="test_Tensor.cpp">
      <Filter>Source Files</Filter>
    </ClCompile>
    <ClCompile Include="test_TensorSerialization.cpp">
      <Filter>Source Files</Filter>
    </ClCompile>
    <ClCompile Include="test_TensorEinsum.cpp">
      <Filter>Source Files</Filter>
    </ClCompile>
    <ClCompile Include="test_TensorStorage.cpp">
      <Filter>Source Files</Filter>
    </ClCompile>
    <ClCompile Include="test_ViewLifetimeTracking.cpp">
      <Filter>Source Files</Filter>
    </ClCompile>
    <ClCompile Include="test_RCU_integration.cpp">
      <Filter>Source Files</Filter>
    </ClCompile>
    <ClCompile Include="test_EnhancedBoundsChecking.cpp">
      <Filter>Source Files</Filter>
    </ClCompile>
    <ClCompile Include="JsonLiteTests.cpp">
      <Filter>Source Files</Filter>
    </ClCompile>
    <ClCompile Include="test_FloatingPointComparison.cpp">
      <Filter>Source Files</Filter>
    </ClCompile>
  </ItemGroup>
  <ItemGroup>
    <ClInclude Include="AllocationStrategy.h">
      <Filter>Header Files</Filter>
    </ClInclude>
    <ClInclude Include="ComparisonTolerances.h">
      <Filter>Header Files</Filter>
    </ClInclude>
    <ClInclude Include="ConstexprUtilities.h">
      <Filter>Header Files</Filter>
    </ClInclude>
    <ClInclude Include="ContractException.h">
      <Filter>Header Files</Filter>
    </ClInclude>
    <ClInclude Include="enforce_enforcers.h">
      <Filter>Header Files</Filter>
    </ClInclude>
    <ClInclude Include="enforce_predicates.h">
      <Filter>Header Files</Filter>
    </ClInclude>
    <ClInclude Include="enforce_raisers.h">
      <Filter>Header Files</Filter>
    </ClInclude>
    <ClInclude Include="EnumPlus.h">
      <Filter>Header Files</Filter>
    </ClInclude>
    <ClInclude Include="EqualityAny.h">
      <Filter>Header Files</Filter>
    </ClInclude>
    <ClInclude Include="EqualityComparisons.h">
      <Filter>Header Files</Filter>
    </ClInclude>
    <ClInclude Include="Factory.h">
      <Filter>Header Files</Filter>
    </ClInclude>
    <ClInclude Include="CheckedArithmetic.h">
      <Filter>Header Files</Filter>
    </ClInclude>
    <ClInclude Include="ValueGuard.h">
      <Filter>Header Files</Filter>
    </ClInclude>
    <ClInclude Include="SortedContainer.h">
      <Filter>Header Files</Filter>
    </ClInclude>
    <ClInclude Include="StateMachine.h">
      <Filter>Header Files</Filter>
    </ClInclude>
    <ClInclude Include="AtomicReference.h">
      <Filter>Header Files</Filter>
    </ClInclude>
    <ClInclude Include="ConcurrencyPolicies.h">
      <Filter>Header Files</Filter>
    </ClInclude>
    <ClInclude Include="enforce.h">
      <Filter>Header Files</Filter>
    </ClInclude>
    <ClInclude Include="enforce_raiser_selector.h">
      <Filter>Header Files</Filter>
    </ClInclude>
    <ClInclude Include="enforce_contextual.h">
      <Filter>Header Files</Filter>
    </ClInclude>
    <ClInclude Include="enforce_contextual_policies.h">
      <Filter>Header Files</Filter>
    </ClInclude>
    <ClInclude Include="Expected.h">
      <Filter>Header Files</Filter>
    </ClInclude>
    <ClInclude Include="EnforcedInit.h">
      <Filter>Header Files</Filter>
    </ClInclude>
    <ClInclude Include="StrongId.h">
      <Filter>Header Files</Filter>
    </ClInclude>
    <ClInclude Include="ScopeGuard.h">
      <Filter>Header Files</Filter>
    </ClInclude>
    <ClInclude Include="ScopeGuardPolicies.h">
      <Filter>Header Files</Filter>
    </ClInclude>
    <ClInclude Include="AdaptiveIterator.h">
      <Filter>Header Files</Filter>
    </ClInclude>
    <ClInclude Include="TypeTraits.h">
      <Filter>Header Files</Filter>
    </ClInclude>
    <ClInclude Include="test_ConcurrencyPolicies.h">
      <Filter>Header Files</Filter>
    </ClInclude>
    <ClInclude Include="test_Expected.h">
      <Filter>Header Files</Filter>
    </ClInclude>
    <ClInclude Include="test_Utilities.h">
      <Filter>Header Files</Filter>
    </ClInclude>
    <ClInclude Include="test_Factory.h">
      <Filter>Header Files</Filter>
    </ClInclude>
    <ClInclude Include="test_Enforce.h">
      <Filter>Header Files</Filter>
    </ClInclude>
    <ClInclude Include="DiagnosticLogger.h">
      <Filter>Header Files</Filter>
    </ClInclude>
    <ClInclude Include="test_DiagnosticLogger.h">
      <Filter>Header Files</Filter>
    </ClInclude>
    <ClInclude Include="test_CheckedArithmetic.h">
      <Filter>Header Files</Filter>
    </ClInclude>
    <ClInclude Include="test_ScopeGuard.h">
      <Filter>Header Files</Filter>
    </ClInclude>
    <ClInclude Include="Stringify.h">
      <Filter>Header Files</Filter>
    </ClInclude>
    <ClInclude Include="test_Stringify.h">
      <Filter>Header Files</Filter>
    </ClInclude>
    <ClInclude Include="test_TypeTraits.h">
      <Filter>Header Files</Filter>
    </ClInclude>
    <ClInclude Include="test_ContractException.h">
      <Filter>Header Files</Filter>
    </ClInclude>
    <ClInclude Include="test_ConstexprUtilities.h">
      <Filter>Header Files</Filter>
    </ClInclude>
    <ClInclude Include="test_EqualityComparisons.h">
      <Filter>Header Files</Filter>
    </ClInclude>
    <ClInclude Include="test_EnforcedInit.h">
      <Filter>Header Files</Filter>
    </ClInclude>
    <ClInclude Include="test_AtomicReference.h">
      <Filter>Header Files</Filter>
    </ClInclude>
    <ClInclude Include="test_StrongId.h">
      <Filter>Header Files</Filter>
    </ClInclude>
    <ClInclude Include="test_ValueGuard.h">
      <Filter>Header Files</Filter>
    </ClInclude>
    <ClInclude Include="test_AllocationStrategy.h">
      <Filter>Header Files</Filter>
    </ClInclude>
    <ClInclude Include="test_EnumPlus.h">
      <Filter>Header Files</Filter>
    </ClInclude>
    <ClInclude Include="test_AdaptiveIterator.h">
      <Filter>Header Files</Filter>
    </ClInclude>
    <ClInclude Include="test_StateMachine.h">
      <Filter>Header Files</Filter>
    </ClInclude>
    <ClInclude Include="test_SortedContainer.h">
      <Filter>Header Files</Filter>
    </ClInclude>
    <ClInclude Include="LoggerAsync.h">
      <Filter>Header Files</Filter>
    </ClInclude>
    <ClInclude Include="LoggerHybrid.h">
      <Filter>Header Files</Filter>
    </ClInclude>
    <ClInclude Include="LoggerPolicy.h">
      <Filter>Header Files</Filter>
    </ClInclude>
    <ClInclude Include="test_UltraLoggers.h">
      <Filter>Header Files</Filter>
    </ClInclude>
    <ClInclude Include="JsonLite.h">
      <Filter>Header Files</Filter>
    </ClInclude>
    <ClInclude Include="FeatureManager.h">
      <Filter>Header Files</Filter>
    </ClInclude>
    <ClInclude Include="test_FeatureManager.h">
      <Filter>Header Files</Filter>
    </ClInclude>
    <ClInclude Include="AsyncOperations.h">
      <Filter>Header Files</Filter>
    </ClInclude>
    <ClInclude Include="BinarySerializer.h">
      <Filter>Header Files</Filter>
    </ClInclude>
    <ClInclude Include="CircularBuffer.h">
      <Filter>Header Files</Filter>
    </ClInclude>
    <ClInclude Include="DebugOnly.h">
      <Filter>Header Files</Filter>
    </ClInclude>
    <ClInclude Include="DumpToJson.h">
      <Filter>Header Files</Filter>
    </ClInclude>
    <ClInclude Include="FastHashMap.h">
      <Filter>Header Files</Filter>
    </ClInclude>
    <ClInclude Include="FlatMap.h">
      <Filter>Header Files</Filter>
    </ClInclude>
    <ClInclude Include="FlatSet.h">
      <Filter>Header Files</Filter>
    </ClInclude>
    <ClInclude Include="IdGenerator.h">
      <Filter>Header Files</Filter>
    </ClInclude>
    <ClInclude Include="ObjectPool.h">
      <Filter>Header Files</Filter>
    </ClInclude>
    <ClInclude Include="PipeOperator.h">
      <Filter>Header Files</Filter>
    </ClInclude>
    <ClInclude Include="SlidingFileWindow.h">
      <Filter>Header Files</Filter>
    </ClInclude>
    <ClInclude Include="SmallVector.h">
      <Filter>Header Files</Filter>
    </ClInclude>
    <ClInclude Include="Stacktrace.h">
      <Filter>Header Files</Filter>
    </ClInclude>
    <ClInclude Include="test_SlidingFileWindow.h">
      <Filter>Header Files</Filter>
    </ClInclude>
    <ClInclude Include="BenchmarkHarness.h">
      <Filter>Header Files</Filter>
    </ClInclude>
    <ClInclude Include="BitSet.h">
      <Filter>Header Files</Filter>
    </ClInclude>
    <ClInclude Include="CoroutineTask.h">
      <Filter>Header Files</Filter>
    </ClInclude>
    <ClInclude Include="LockFreeQueue.h">
      <Filter>Header Files</Filter>
    </ClInclude>
    <ClInclude Include="MemoryMappedFile.h">
      <Filter>Header Files</Filter>
    </ClInclude>
    <ClInclude Include="RateLimiter.h">
      <Filter>Header Files</Filter>
    </ClInclude>
    <ClInclude Include="SparseSet.h">
      <Filter>Header Files</Filter>
    </ClInclude>
    <ClInclude Include="StringPool.h">
      <Filter>Header Files</Filter>
    </ClInclude>
    <ClInclude Include="TensorMath.h">
      <Filter>Header Files</Filter>
    </ClInclude>
    <ClInclude Include="test_BenchmarkHarness.h">
      <Filter>Header Files</Filter>
    </ClInclude>
    <ClInclude Include="test_BitSet.h">
      <Filter>Header Files</Filter>
    </ClInclude>
    <ClInclude Include="test_LockFreeQueue.h">
      <Filter>Header Files</Filter>
    </ClInclude>
    <ClInclude Include="test_MemoryMappedFile.h">
      <Filter>Header Files</Filter>
    </ClInclude>
    <ClInclude Include="test_RateLimiter.h">
      <Filter>Header Files</Filter>
    </ClInclude>
    <ClInclude Include="test_SparseSet.h">
      <Filter>Header Files</Filter>
    </ClInclude>
    <ClInclude Include="test_StringPool.h">
      <Filter>Header Files</Filter>
    </ClInclude>
    <ClInclude Include="test_ThreadPool.h">
      <Filter>Header Files</Filter>
    </ClInclude>
    <ClInclude Include="ThreadPool.h">
      <Filter>Header Files</Filter>
    </ClInclude>
    <ClInclude Include="test_TensorMath.h">
      <Filter>Header Files</Filter>
    </ClInclude>
    <ClInclude Include="test_SmallVector.h">
      <Filter>Header Files</Filter>
    </ClInclude>
    <ClInclude Include="test_FastHashMap.h">
      <Filter>Header Files</Filter>
    </ClInclude>
    <ClInclude Include="test_FlatMap.h">
      <Filter>Header Files</Filter>
    </ClInclude>
    <ClInclude Include="test_AsyncOperations.h">
      <Filter>Header Files</Filter>
    </ClInclude>
    <ClInclude Include="test_BinarySerializer.h">
      <Filter>Header Files</Filter>
    </ClInclude>
    <ClInclude Include="test_CircularBuffer.h">
      <Filter>Header Files</Filter>
    </ClInclude>
    <ClInclude Include="test_CoroutineTask.h">
      <Filter>Header Files</Filter>
    </ClInclude>
    <ClInclude Include="test_DebugOnly.h">
      <Filter>Header Files</Filter>
    </ClInclude>
    <ClInclude Include="test_FlatSet.h">
      <Filter>Header Files</Filter>
    </ClInclude>
    <ClInclude Include="test_ObjectPool.h">
      <Filter>Header Files</Filter>
    </ClInclude>
    <ClInclude Include="test_PipeOperator.h">
      <Filter>Header Files</Filter>
    </ClInclude>
    <ClInclude Include="test_Stacktrace.h">
      <Filter>Header Files</Filter>
    </ClInclude>
    <ClInclude Include="test_IdGenerator.h">
      <Filter>Header Files</Filter>
    </ClInclude>
    <ClInclude Include="SlotMap.h">
      <Filter>Header Files</Filter>
    </ClInclude>
    <ClInclude Include="LockFreeRingBuffer.h">
      <Filter>Header Files</Filter>
    </ClInclude>
    <ClInclude Include="IntrusiveList.h">
      <Filter>Header Files</Filter>
    </ClInclude>
    <ClInclude Include="test_SlotMap.h">
      <Filter>Header Files</Filter>
    </ClInclude>
    <ClInclude Include="test_LockFreeRingBuffer.h">
      <Filter>Header Files</Filter>
    </ClInclude>
    <ClInclude Include="test_IntrusiveList.h">
      <Filter>Header Files</Filter>
    </ClInclude>
    <ClInclude Include="test_Reflection.h">
      <Filter>Header Files</Filter>
    </ClInclude>
    <ClInclude Include="Reflection.h">
      <Filter>Header Files</Filter>
    </ClInclude>
    <ClInclude Include="test_TensorCompareSeialize.h">
      <Filter>Header Files</Filter>
    </ClInclude>
    <ClInclude Include="Tensor.h">
      <Filter>Header Files</Filter>
    </ClInclude>
    <ClInclude Include="test_SimdVector.h">
      <Filter>Header Files</Filter>
    </ClInclude>
    <ClInclude Include="test_NumaAllocator.h">
      <Filter>Header Files</Filter>
    </ClInclude>
    <ClInclude Include="test_CSRMatrix.h">
      <Filter>Header Files</Filter>
    </ClInclude>
    <ClInclude Include="test_CacheUtilities.h">
      <Filter>Header Files</Filter>
    </ClInclude>
    <ClInclude Include="test_AlignedVector.h">
      <Filter>Header Files</Filter>
    </ClInclude>
    <ClInclude Include="SimdVector.h">
      <Filter>Header Files</Filter>
    </ClInclude>
    <ClInclude Include="NumaAllocator.h">
      <Filter>Header Files</Filter>
    </ClInclude>
    <ClInclude Include="CSRMatrix.h">
      <Filter>Header Files</Filter>
    </ClInclude>
    <ClInclude Include="CacheUtilities.h">
      <Filter>Header Files</Filter>
    </ClInclude>
    <ClInclude Include="AlignedVector.h">
      <Filter>Header Files</Filter>
    </ClInclude>
    <ClInclude Include="EqualityTensor.h">
      <Filter>Header Files</Filter>
    </ClInclude>
    <ClInclude Include="test_Tensor.h">
      <Filter>Header Files</Filter>
    </ClInclude>
    <ClInclude Include="BinarySerializer_Tensor.h">
      <Filter>Header Files</Filter>
    </ClInclude>
    <ClInclude Include="test_TensorSerialization.h">
      <Filter>Header Files</Filter>
    </ClInclude>
    <ClInclude Include="test_TensorEinsum.h">
      <Filter>Header Files</Filter>
    </ClInclude>
    <ClInclude Include="TensorEinsum.h">
      <Filter>Header Files</Filter>
    </ClInclude>
    <ClInclude Include="FixedTensor.h">
      <Filter>Header Files</Filter>
    </ClInclude>
    <ClInclude Include="test_TensorStorage.h">
      <Filter>Header Files</Filter>
    </ClInclude>
    <ClInclude Include="TensorStorage.h">
      <Filter>Header Files</Filter>
    </ClInclude>
    <ClInclude Include="ViewLifetimeTracking.h">
      <Filter>Header Files</Filter>
    </ClInclude>
    <ClInclude Include="test_ViewLifetimeTracking.h">
      <Filter>Header Files</Filter>
    </ClInclude>
    <ClInclude Include="test_RCU_integration.h">
      <Filter>Header Files</Filter>
    </ClInclude>
    <ClInclude Include="test_EnhancedBoundsChecking.h">
      <Filter>Header Files</Filter>
    </ClInclude>
    <ClInclude Include="EnhancedBoundsChecking.h">
      <Filter>Header Files</Filter>
    </ClInclude>
    <ClInclude Include="JsonLiteTests.h">
      <Filter>Header Files</Filter>
    </ClInclude>
    <ClInclude Include="test_FloatingPointComparison.h">
      <Filter>Header Files</Filter>
    </ClInclude>
    <ClInclude Include="FloatingPointComparison.h">
      <Filter>Header Files</Filter>
    </ClInclude>
  </ItemGroup>
</Project>