<?xml version="1.0" encoding="utf-8"?>
<Project ToolsVersion="4.0" xmlns="http://schemas.microsoft.com/developer/msbuild/2003">
  <ItemGroup>
    <Filter Include="Source Files">
      <UniqueIdentifier>{4FC737F1-C7A5-4376-A066-2A32D752A2FF}</UniqueIdentifier>
      <Extensions>cpp;c;cc;cxx;c++;cppm;ixx;def;odl;idl;hpj;bat;asm;asmx</Extensions>
    </Filter>
    <Filter Include="Header Files">
      <UniqueIdentifier>{93995380-89BD-4b04-88EB-625FBE52EBFB}</UniqueIdentifier>
      <Extensions>h;hh;hpp;hxx;h++;hm;inl;inc;ipp;xsd</Extensions>
    </Filter>
  </ItemGroup>
  <ItemGroup>
    <ClInclude Include="..\FAT_P\tests\test_FatP.h">
      <Filter>Header Files</Filter>
    </ClInclude>
    <ClInclude Include="..\FAT_P\tests\test_FatPTest.h">
      <Filter>Header Files</Filter>
    </ClInclude>
    <ClInclude Include="..\FAT_P\tests\IncludeAllFatPHeaders.h">
      <Filter>Header Files</Filter>
    </ClInclude>
  </ItemGroup>
  <ItemGroup>
    <ClCompile Include="..\FAT_P\tests\test_AlignedVector.cpp">
      <Filter>Source Files</Filter>
    </ClCompile>
    <ClCompile Include="..\FAT_P\tests\test_AllocationStrategies.cpp">
      <Filter>Source Files</Filter>
    </ClCompile>
    <ClCompile Include="..\FAT_P\tests\test_AsyncOperations.cpp">
      <Filter>Source Files</Filter>
    </ClCompile>
    <ClCompile Include="..\FAT_P\tests\test_AtomicSharedPtr.cpp">
      <Filter>Source Files</Filter>
    </ClCompile>
    <ClCompile Include="..\FAT_P\tests\test_BinaryLite.cpp">
      <Filter>Source Files</Filter>
    </ClCompile>
    <ClCompile Include="..\FAT_P\tests\test_BitSet.cpp">
      <Filter>Source Files</Filter>
    </ClCompile>
    <ClCompile Include="..\FAT_P\tests\test_CacheUtilities.cpp">
      <Filter>Source Files</Filter>
    </ClCompile>
    <ClCompile Include="..\FAT_P\tests\test_CborLite.cpp">
      <Filter>Source Files</Filter>
    </ClCompile>
    <ClCompile Include="..\FAT_P\tests\test_CborStreamLite.cpp">
      <Filter>Source Files</Filter>
    </ClCompile>
    <ClCompile Include="..\FAT_P\tests\test_CheckedArithmetic.cpp">
      <Filter>Source Files</Filter>
    </ClCompile>
    <ClCompile Include="..\FAT_P\tests\test_CircularBuffer.cpp">
      <Filter>Source Files</Filter>
    </ClCompile>
    <ClCompile Include="..\FAT_P\tests\test_ConcurrencyPolicies.cpp">
      <Filter>Source Files</Filter>
    </ClCompile>
    <ClCompile Include="..\FAT_P\tests\test_ConstexprUtilities.cpp">
      <Filter>Source Files</Filter>
    </ClCompile>
    <ClCompile Include="..\FAT_P\tests\test_ContractException.cpp">
      <Filter>Source Files</Filter>
    </ClCompile>
    <ClCompile Include="..\FAT_P\tests\test_CoroutineTask.cpp">
      <Filter>Source Files</Filter>
    </ClCompile>
    <ClCompile Include="..\FAT_P\tests\test_CSRMatrix.cpp">
      <Filter>Source Files</Filter>
    </ClCompile>
    <ClCompile Include="..\FAT_P\tests\test_CSRMatrix_HPC.cpp">
      <Filter>Source Files</Filter>
    </ClCompile>
    <ClCompile Include="..\FAT_P\tests\test_CSRMatrix_HPC_Parallel.cpp">
      <Filter>Source Files</Filter>
    </ClCompile>
    <ClCompile Include="..\FAT_P\tests\test_CSRMatrixParallel.cpp">
      <Filter>Source Files</Filter>
    </ClCompile>
    <ClCompile Include="..\FAT_P\tests\test_DebugOnly.cpp">
      <Filter>Source Files</Filter>
    </ClCompile>
    <ClCompile Include="..\FAT_P\tests\test_DiagnosticLogger_Core.cpp">
      <Filter>Source Files</Filter>
    </ClCompile>
    <ClCompile Include="..\FAT_P\tests\test_DiagnosticLogger_IO.cpp">
      <Filter>Source Files</Filter>
    </ClCompile>
    <ClCompile Include="..\FAT_P\tests\test_DiagnosticLogger_Json.cpp">
      <Filter>Source Files</Filter>
    </ClCompile>
    <ClCompile Include="..\FAT_P\tests\test_DiagnosticLogger_ScopeGuard.cpp">
      <Filter>Source Files</Filter>
    </ClCompile>
    <ClCompile Include="..\FAT_P\tests\test_Enforce.cpp">
      <Filter>Source Files</Filter>
    </ClCompile>
    <ClCompile Include="..\FAT_P\tests\test_EnforcedInit.cpp">
      <Filter>Source Files</Filter>
    </ClCompile>
    <ClCompile Include="..\FAT_P\tests\test_EnhancedBoundsChecking.cpp">
      <Filter>Source Files</Filter>
    </ClCompile>
    <ClCompile Include="..\FAT_P\tests\test_EnumPlus.cpp">
      <Filter>Source Files</Filter>
    </ClCompile>
    <ClCompile Include="..\FAT_P\tests\test_Expected.cpp">
      <Filter>Source Files</Filter>
    </ClCompile>
    <ClCompile Include="..\FAT_P\tests\test_Factory.cpp">
      <Filter>Source Files</Filter>
    </ClCompile>
    <ClCompile Include="..\FAT_P\tests\test_FastHashMap.cpp">
      <Filter>Source Files</Filter>
    </ClCompile>
    <ClCompile Include="..\FAT_P\tests\test_FatPBenchmarkRunner.cpp">
      <Filter>Source Files</Filter>
    </ClCompile>
    <ClCompile Include="..\FAT_P\tests\test_FatPBinary.cpp">
      <Filter>Source Files</Filter>
    </ClCompile>
    <ClCompile Include="..\FAT_P\tests\test_FatPCbor.cpp">
      <Filter>Source Files</Filter>
    </ClCompile>
    <ClCompile Include="..\FAT_P\tests\test_FatPCborStream.cpp">
      <Filter>Source Files</Filter>
    </ClCompile>
    <ClCompile Include="..\FAT_P\tests\test_FatPJson.cpp">
      <Filter>Source Files</Filter>
    </ClCompile>
    <ClCompile Include="..\FAT_P\tests\test_FatPJsonStream.cpp">
      <Filter>Source Files</Filter>
    </ClCompile>
    <ClCompile Include="..\FAT_P\tests\test_FatPTest.cpp">
      <Filter>Source Files</Filter>
    </ClCompile>
    <ClCompile Include="..\FAT_P\tests\test_FatPTypeTraits.cpp">
      <Filter>Source Files</Filter>
    </ClCompile>
    <ClCompile Include="..\FAT_P\tests\test_FeatureManager.cpp">
      <Filter>Source Files</Filter>
    </ClCompile>
    <ClCompile Include="..\FAT_P\tests\test_FlatMap.cpp">
      <Filter>Source Files</Filter>
    </ClCompile>
    <ClCompile Include="..\FAT_P\tests\test_FlatSet.cpp">
      <Filter>Source Files</Filter>
    </ClCompile>
    <ClCompile Include="..\FAT_P\tests\test_FloatingPointComparison.cpp">
      <Filter>Source Files</Filter>
    </ClCompile>
    <ClCompile Include="..\FAT_P\tests\test_HpcVector.cpp">
      <Filter>Source Files</Filter>
    </ClCompile>
    <ClCompile Include="..\FAT_P\tests\test_IdGenerator.cpp">
      <Filter>Source Files</Filter>
    </ClCompile>
    <ClCompile Include="..\FAT_P\tests\test_IntrusiveList.cpp">
      <Filter>Source Files</Filter>
    </ClCompile>
    <ClCompile Include="..\FAT_P\tests\test_JsonLite.cpp">
      <Filter>Source Files</Filter>
    </ClCompile>
    <ClCompile Include="..\FAT_P\tests\test_JsonStreamLite.cpp">
      <Filter>Source Files</Filter>
    </ClCompile>
    <ClCompile Include="..\FAT_P\tests\test_LockFreeQueue.cpp">
      <Filter>Source Files</Filter>
    </ClCompile>
    <ClCompile Include="..\FAT_P\tests\test_LockFreeRingBuffer.cpp">
      <Filter>Source Files</Filter>
    </ClCompile>
    <ClCompile Include="..\FAT_P\tests\test_MemoryMappedFile.cpp">
      <Filter>Source Files</Filter>
    </ClCompile>
    <ClCompile Include="..\FAT_P\tests\test_NumaAllocator.cpp">
      <Filter>Source Files</Filter>
    </ClCompile>
    <ClCompile Include="..\FAT_P\tests\test_ObjectPool.cpp">
      <Filter>Source Files</Filter>
    </ClCompile>
    <ClCompile Include="..\FAT_P\tests\test_PipeOperator.cpp">
      <Filter>Source Files</Filter>
    </ClCompile>
    <ClCompile Include="..\FAT_P\tests\test_RateLimiter.cpp">
      <Filter>Source Files</Filter>
    </ClCompile>
    <ClCompile Include="..\FAT_P\tests\test_RcuIntegration.cpp">
      <Filter>Source Files</Filter>
    </ClCompile>
    <ClCompile Include="..\FAT_P\tests\test_Reflection.cpp">
      <Filter>Source Files</Filter>
    </ClCompile>
    <ClCompile Include="..\FAT_P\tests\test_ScopeGuard.cpp">
      <Filter>Source Files</Filter>
    </ClCompile>
    <ClCompile Include="..\FAT_P\tests\test_ScopeGuardExpected.cpp">
      <Filter>Source Files</Filter>
    </ClCompile>
    <ClCompile Include="..\FAT_P\tests\test_Signal.cpp">
      <Filter>Source Files</Filter>
    </ClCompile>
    <ClCompile Include="..\FAT_P\tests\test_SimdVector.cpp">
      <Filter>Source Files</Filter>
    </ClCompile>
    <ClCompile Include="..\FAT_P\tests\test_SlidingFileWindow.cpp">
      <Filter>Source Files</Filter>
    </ClCompile>
    <ClCompile Include="..\FAT_P\tests\test_SlotMap.cpp">
      <Filter>Source Files</Filter>
    </ClCompile>
    <ClCompile Include="..\FAT_P\tests\test_SmallVector.cpp">
      <Filter>Source Files</Filter>
    </ClCompile>
    <ClCompile Include="..\FAT_P\tests\test_SortedContainer.cpp">
      <Filter>Source Files</Filter>
    </ClCompile>
    <ClCompile Include="..\FAT_P\tests\test_SparseSet.cpp">
      <Filter>Source Files</Filter>
    </ClCompile>
    <ClCompile Include="..\FAT_P\tests\test_StableHashMap.cpp">
      <Filter>Source Files</Filter>
    </ClCompile>
    <ClCompile Include="..\FAT_P\tests\test_Stacktrace.cpp">
      <Filter>Source Files</Filter>
    </ClCompile>
    <ClCompile Include="..\FAT_P\tests\test_StateMachine.cpp">
      <Filter>Source Files</Filter>
    </ClCompile>
    <ClCompile Include="..\FAT_P\tests\test_Stringify.cpp">
      <Filter>Source Files</Filter>
    </ClCompile>
    <ClCompile Include="..\FAT_P\tests\test_StringPool.cpp">
      <Filter>Source Files</Filter>
    </ClCompile>
    <ClCompile Include="..\FAT_P\tests\test_StrongId.cpp">
      <Filter>Source Files</Filter>
    </ClCompile>
    <ClCompile Include="..\FAT_P\tests\test_Tensor.cpp">
      <Filter>Source Files</Filter>
    </ClCompile>
    <ClCompile Include="..\FAT_P\tests\test_TensorComparison.cpp">
      <Filter>Source Files</Filter>
    </ClCompile>
    <ClCompile Include="..\FAT_P\tests\test_TensorEinsum.cpp">
      <Filter>Source Files</Filter>
    </ClCompile>
    <ClCompile Include="..\FAT_P\tests\test_TensorMath.cpp">
      <Filter>Source Files</Filter>
    </ClCompile>
    <ClCompile Include="..\FAT_P\tests\test_TensorSerializer.cpp">
      <Filter>Source Files</Filter>
    </ClCompile>
    <ClCompile Include="..\FAT_P\tests\test_TensorStorage.cpp">
      <Filter>Source Files</Filter>
    </ClCompile>
    <ClCompile Include="..\FAT_P\tests\test_ThreadPool.cpp">
      <Filter>Source Files</Filter>
    </ClCompile>
    <ClCompile Include="..\FAT_P\tests\test_TypeTraits.cpp">
      <Filter>Source Files</Filter>
    </ClCompile>
    <ClCompile Include="..\FAT_P\tests\test_ValueGuard.cpp">
      <Filter>Source Files</Filter>
    </ClCompile>
    <ClCompile Include="..\FAT_P\tests\test_ViewLifetimeTracking.cpp">
      <Filter>Source Files</Filter>
    </ClCompile>
    <ClCompile Include="..\FAT_P\tests\test_FatP.cpp">
      <Filter>Source Files</Filter>
    </ClCompile>
    <ClCompile Include="..\FAT_P\tests\test_PolicyIterator.cpp">
      <Filter>Source Files</Filter>
    </ClCompile>
    <ClCompile Include="..\FAT_P\tests\test_EqualityAny.cpp">
      <Filter>Source Files</Filter>
    </ClCompile>
    <ClCompile Include="..\FAT_P\tests\test_EqualityComparisons.cpp">
      <Filter>Source Files</Filter>
    </ClCompile>
    <ClCompile Include="..\FAT_P\tests\test_ServiceLocator.cpp">
      <Filter>Source Files</Filter>
    </ClCompile>
    <ClCompile Include="..\FAT_P\tests\test_WorkQueue.cpp">
      <Filter>Source Files</Filter>
    </ClCompile>
    <ClCompile Include="..\FAT_P\tests\test_PolicyQueue.cpp">
      <Filter>Source Files</Filter>
    </ClCompile>
    <ClCompile Include="..\FAT_P\tests\test_StateMachine_HeaderSelfContained.cpp">
      <Filter>Source Files</Filter>
    </ClCompile>
    <ClCompile Include="..\FAT_P\tests\test_StateMachine_HeaderIncludeOrder.cpp">
      <Filter>Source Files</Filter>
    </ClCompile>
    <ClCompile Include="..\FAT_P\tests\test_ServiceLocator_HeaderSelfContained.cpp">
      <Filter>Source Files</Filter>
    </ClCompile>
  </ItemGroup>
</Project>