<Solution>
  <Configurations>
    <Platform Name="x64" />
    <Platform Name="x86" />
  </Configurations>
  <Project Path="benchmark_AlignedVector/benchmark_AlignedVector.vcxproj" Id="dcc234ae-841c-4776-b526-6c596c288b88" />
  <Project Path="benchmark_AllocationStrategies/benchmark_AllocationStrategies.vcxproj" Id="a7e68b15-11f1-45a5-ae7b-e27ac24de5d8" />
  <Project Path="benchmark_BitSet/benchmark_BitSet.vcxproj" Id="90c57251-5913-45f7-8e1c-f58c098fa227" />
  <Project Path="benchmark_CircularBuffer/benchmark_CircularBuffer.vcxproj" Id="b1a83f0a-02ac-45fe-a3b3-14b19408f1d7" />
  <Project Path="benchmark_EqualityComparisons/benchmark_EqualityComparisons.vcxproj" Id="18835972-9542-4763-8486-f6b1f94ca417" />
  <Project Path="benchmark_FatPHashMaps/benchmark_FatPHashMaps.vcxproj" Id="bed9dc70-a711-4f49-bb4e-e6bb4a7647ff" />
  <Project Path="benchmark_FeatureManager/benchmark_FeatureManager.vcxproj" Id="a5b8cc99-23f5-4ffe-b496-5f8209b62d3a" />
  <Project Path="benchmark_FlatMapSet/benchmark_FlatMapSet.vcxproj" Id="16d48786-23df-4e9f-b3b6-3ed4b28db150" />
  <Project Path="benchmark_FloatingPointComparison/benchmark_FloatingPointComparison.vcxproj" Id="66cbd00c-f58e-4185-a1f0-e8cb389293ce" />
  <Project Path="benchmark_IntrusiveList/benchmark_IntrusiveList.vcxproj" Id="aac23817-4199-43ad-bcf6-271701c720eb" />
  <Project Path="benchmark_LockFreeQueue/benchmark_LockFreeQueue.vcxproj" Id="56202cc5-83a0-4f83-ad9d-17b9a3cdb59a" />
  <Project Path="benchmark_ObjectPool/benchmark_ObjectPool.vcxproj" Id="708fa9d7-9475-45cb-b009-d0412c7ea34b" />
  <Project Path="benchmark_PolicyIterator/benchmark_PolicyIterator.vcxproj" Id="f3b1a77b-17fd-466c-96a2-b0a95a70bd44" />
  <Project Path="benchmark_SlotMap/benchmark_SlotMap.vcxproj" Id="1ede3fe8-1584-43f5-81f7-2576e3932445" />
  <Project Path="benchmark_SmallVector/benchmark_SmallVector.vcxproj" Id="6f0e9afa-2538-4e80-b411-dcbb85782fb6" />
  <Project Path="benchmark_SparseSet/benchmark_SparseSet.vcxproj" Id="e62bd217-db73-44ba-823b-2325c59836dc" />
  <Project Path="benchmark_Stacktrace/benchmark_Stacktrace.vcxproj" Id="2fc01317-d5c3-4346-ad34-f0be17523b6a" />
  <Project Path="benchmark_StrongId/benchmark_StrongId.vcxproj" Id="5923fccb-dad9-4c45-890f-8c839beca65a" />
  <Project Path="FAT_P/FAT_P.vcxproj" Id="07996acb-c24a-48aa-83d9-6676faee42de" />
  <Project Path="FAT_P_TEST/FAT_P_TEST.vcxproj" Id="bdba1326-3b91-49d8-afca-44e125ed66a5" />
</Solution>
