<?xml version="1.0" encoding="utf-8"?>
<Project ToolsVersion="4.0" xmlns="http://schemas.microsoft.com/developer/msbuild/2003">
  <ItemGroup>
    <Filter Include="Header Files">
      <UniqueIdentifier>{93995380-89BD-4b04-88EB-625FBE52EBFB}</UniqueIdentifier>
      <Extensions>h;hh;hpp;hxx;h++;hm;inl;inc;ipp;xsd</Extensions>
    </Filter>
  </ItemGroup>
  <ItemGroup>
    <ClInclude Include="pch.h">
      <Filter>Header Files</Filter>
    </ClInclude>
    <ClInclude Include="fat_p\AlignedVector.h">
      <Filter>Header Files</Filter>
    </ClInclude>
    <ClInclude Include="fat_p\AsyncOperations.h">
      <Filter>Header Files</Filter>
    </ClInclude>
    <ClInclude Include="fat_p\AtomicSharedPtr.h">
      <Filter>Header Files</Filter>
    </ClInclude>
    <ClInclude Include="fat_p\BinaryLite.h">
      <Filter>Header Files</Filter>
    </ClInclude>
    <ClInclude Include="fat_p\BitSet.h">
      <Filter>Header Files</Filter>
    </ClInclude>
    <ClInclude Include="fat_p\CacheUtilities.h">
      <Filter>Header Files</Filter>
    </ClInclude>
    <ClInclude Include="fat_p\CborLite.h">
      <Filter>Header Files</Filter>
    </ClInclude>
    <ClInclude Include="fat_p\CborStreamLite.h">
      <Filter>Header Files</Filter>
    </ClInclude>
    <ClInclude Include="fat_p\CheckedArithmetic.h">
      <Filter>Header Files</Filter>
    </ClInclude>
    <ClInclude Include="fat_p\CheckedArithmetic_IntSimd.h">
      <Filter>Header Files</Filter>
    </ClInclude>
    <ClInclude Include="fat_p\CheckedArithmetic_IntSimd_AVX2.h">
      <Filter>Header Files</Filter>
    </ClInclude>
    <ClInclude Include="fat_p\CheckedArithmetic_IntSimd_Common.h">
      <Filter>Header Files</Filter>
    </ClInclude>
    <ClInclude Include="fat_p\CheckedArithmetic_IntSimd_NEON.h">
      <Filter>Header Files</Filter>
    </ClInclude>
    <ClInclude Include="fat_p\CheckedArithmetic_IntSimd_SSE2.h">
      <Filter>Header Files</Filter>
    </ClInclude>
    <ClInclude Include="fat_p\CheckedArithmeticBase.h">
      <Filter>Header Files</Filter>
    </ClInclude>
    <ClInclude Include="fat_p\CheckedArithmeticFP.h">
      <Filter>Header Files</Filter>
    </ClInclude>
    <ClInclude Include="fat_p\CheckedArithmeticInt.h">
      <Filter>Header Files</Filter>
    </ClInclude>
    <ClInclude Include="fat_p\CheckedArithmeticPolicies.h">
      <Filter>Header Files</Filter>
    </ClInclude>
    <ClInclude Include="fat_p\CircularBuffer.h">
      <Filter>Header Files</Filter>
    </ClInclude>
    <ClInclude Include="fat_p\ComparisonTolerances.h">
      <Filter>Header Files</Filter>
    </ClInclude>
    <ClInclude Include="fat_p\ConcurrencyPolicies.h">
      <Filter>Header Files</Filter>
    </ClInclude>
    <ClInclude Include="fat_p\ConstexprUtilities.h">
      <Filter>Header Files</Filter>
    </ClInclude>
    <ClInclude Include="fat_p\ContractException.h">
      <Filter>Header Files</Filter>
    </ClInclude>
    <ClInclude Include="fat_p\CoroutineTask.h">
      <Filter>Header Files</Filter>
    </ClInclude>
    <ClInclude Include="fat_p\CppStandardDetection.h">
      <Filter>Header Files</Filter>
    </ClInclude>
    <ClInclude Include="fat_p\CSRMatrix.h">
      <Filter>Header Files</Filter>
    </ClInclude>
    <ClInclude Include="fat_p\CSRMatrix_HPC.h">
      <Filter>Header Files</Filter>
    </ClInclude>
    <ClInclude Include="fat_p\CSRMatrixParallel.h">
      <Filter>Header Files</Filter>
    </ClInclude>
    <ClInclude Include="fat_p\DebugOnly.h">
      <Filter>Header Files</Filter>
    </ClInclude>
    <ClInclude Include="fat_p\DiagnosticLogger_Core.h">
      <Filter>Header Files</Filter>
    </ClInclude>
    <ClInclude Include="fat_p\DiagnosticLogger_IO.h">
      <Filter>Header Files</Filter>
    </ClInclude>
    <ClInclude Include="fat_p\DiagnosticLogger_Json.h">
      <Filter>Header Files</Filter>
    </ClInclude>
    <ClInclude Include="fat_p\DiagnosticLogger_Sinks.h">
      <Filter>Header Files</Filter>
    </ClInclude>
    <ClInclude Include="fat_p\DiagnosticLogger_TestUtilities.h">
      <Filter>Header Files</Filter>
    </ClInclude>
    <ClInclude Include="fat_p\enforce.h">
      <Filter>Header Files</Filter>
    </ClInclude>
    <ClInclude Include="fat_p\enforce_contextual.h">
      <Filter>Header Files</Filter>
    </ClInclude>
    <ClInclude Include="fat_p\enforce_contextual_policies.h">
      <Filter>Header Files</Filter>
    </ClInclude>
    <ClInclude Include="fat_p\enforce_enforcers.h">
      <Filter>Header Files</Filter>
    </ClInclude>
    <ClInclude Include="fat_p\enforce_predicates.h">
      <Filter>Header Files</Filter>
    </ClInclude>
    <ClInclude Include="fat_p\enforce_raiser_selector.h">
      <Filter>Header Files</Filter>
    </ClInclude>
    <ClInclude Include="fat_p\enforce_raisers.h">
      <Filter>Header Files</Filter>
    </ClInclude>
    <ClInclude Include="fat_p\EnforcedInit.h">
      <Filter>Header Files</Filter>
    </ClInclude>
    <ClInclude Include="fat_p\EnhancedBoundsChecking.h">
      <Filter>Header Files</Filter>
    </ClInclude>
    <ClInclude Include="fat_p\EnumPlus.h">
      <Filter>Header Files</Filter>
    </ClInclude>
    <ClInclude Include="fat_p\EqualityAny.h">
      <Filter>Header Files</Filter>
    </ClInclude>
    <ClInclude Include="fat_p\EqualityComparisons.h">
      <Filter>Header Files</Filter>
    </ClInclude>
    <ClInclude Include="fat_p\EqualityTensor.h">
      <Filter>Header Files</Filter>
    </ClInclude>
    <ClInclude Include="fat_p\Expected.h">
      <Filter>Header Files</Filter>
    </ClInclude>
    <ClInclude Include="fat_p\Factory.h">
      <Filter>Header Files</Filter>
    </ClInclude>
    <ClInclude Include="fat_p\FastHashMap.h">
      <Filter>Header Files</Filter>
    </ClInclude>
    <ClInclude Include="fat_p\FatPBinary.h">
      <Filter>Header Files</Filter>
    </ClInclude>
    <ClInclude Include="fat_p\FatPCbor.h">
      <Filter>Header Files</Filter>
    </ClInclude>
    <ClInclude Include="fat_p\FatPCborStream.h">
      <Filter>Header Files</Filter>
    </ClInclude>
    <ClInclude Include="fat_p\FatPJson.h">
      <Filter>Header Files</Filter>
    </ClInclude>
    <ClInclude Include="fat_p\FatPJsonStream.h">
      <Filter>Header Files</Filter>
    </ClInclude>
    <ClInclude Include="fat_p\FatPTest.h">
      <Filter>Header Files</Filter>
    </ClInclude>
    <ClInclude Include="fat_p\FatPTypeTraits.h">
      <Filter>Header Files</Filter>
    </ClInclude>
    <ClInclude Include="fat_p\FeatureManager.h">
      <Filter>Header Files</Filter>
    </ClInclude>
    <ClInclude Include="fat_p\FlatMap.h">
      <Filter>Header Files</Filter>
    </ClInclude>
    <ClInclude Include="fat_p\FlatSet.h">
      <Filter>Header Files</Filter>
    </ClInclude>
    <ClInclude Include="fat_p\FloatingPointComparison.h">
      <Filter>Header Files</Filter>
    </ClInclude>
    <ClInclude Include="fat_p\HpcVector.h">
      <Filter>Header Files</Filter>
    </ClInclude>
    <ClInclude Include="fat_p\IdGenerator.h">
      <Filter>Header Files</Filter>
    </ClInclude>
    <ClInclude Include="fat_p\IntrusiveList.h">
      <Filter>Header Files</Filter>
    </ClInclude>
    <ClInclude Include="fat_p\JsonLite.h">
      <Filter>Header Files</Filter>
    </ClInclude>
    <ClInclude Include="fat_p\JsonStreamLite.h">
      <Filter>Header Files</Filter>
    </ClInclude>
    <ClInclude Include="fat_p\LockFreeQueue.h">
      <Filter>Header Files</Filter>
    </ClInclude>
    <ClInclude Include="fat_p\LockFreeRingBuffer.h">
      <Filter>Header Files</Filter>
    </ClInclude>
    <ClInclude Include="fat_p\MemoryMappedFile.h">
      <Filter>Header Files</Filter>
    </ClInclude>
    <ClInclude Include="fat_p\NumaAlignedAllocator.h">
      <Filter>Header Files</Filter>
    </ClInclude>
    <ClInclude Include="fat_p\NumaAllocator.h">
      <Filter>Header Files</Filter>
    </ClInclude>
    <ClInclude Include="fat_p\ObjectPool.h">
      <Filter>Header Files</Filter>
    </ClInclude>
    <ClInclude Include="fat_p\PipeOperator.h">
      <Filter>Header Files</Filter>
    </ClInclude>
    <ClInclude Include="fat_p\RateLimiter.h">
      <Filter>Header Files</Filter>
    </ClInclude>
    <ClInclude Include="fat_p\Reflection.h">
      <Filter>Header Files</Filter>
    </ClInclude>
    <ClInclude Include="fat_p\ScopeGuard.h">
      <Filter>Header Files</Filter>
    </ClInclude>
    <ClInclude Include="fat_p\ScopeGuardExpected.h">
      <Filter>Header Files</Filter>
    </ClInclude>
    <ClInclude Include="fat_p\ScopeGuardPolicies.h">
      <Filter>Header Files</Filter>
    </ClInclude>
    <ClInclude Include="fat_p\Signal.h">
      <Filter>Header Files</Filter>
    </ClInclude>
    <ClInclude Include="fat_p\SimdVector.h">
      <Filter>Header Files</Filter>
    </ClInclude>
    <ClInclude Include="fat_p\SlidingFileWindow.h">
      <Filter>Header Files</Filter>
    </ClInclude>
    <ClInclude Include="fat_p\SlotMap.h">
      <Filter>Header Files</Filter>
    </ClInclude>
    <ClInclude Include="fat_p\SmallVector.h">
      <Filter>Header Files</Filter>
    </ClInclude>
    <ClInclude Include="fat_p\SortedContainer.h">
      <Filter>Header Files</Filter>
    </ClInclude>
    <ClInclude Include="fat_p\SparseSet.h">
      <Filter>Header Files</Filter>
    </ClInclude>
    <ClInclude Include="fat_p\StableHashMap.h">
      <Filter>Header Files</Filter>
    </ClInclude>
    <ClInclude Include="fat_p\Stacktrace.h">
      <Filter>Header Files</Filter>
    </ClInclude>
    <ClInclude Include="fat_p\StateMachine.h">
      <Filter>Header Files</Filter>
    </ClInclude>
    <ClInclude Include="fat_p\Stringify.h">
      <Filter>Header Files</Filter>
    </ClInclude>
    <ClInclude Include="fat_p\StringPool.h">
      <Filter>Header Files</Filter>
    </ClInclude>
    <ClInclude Include="fat_p\StrongId.h">
      <Filter>Header Files</Filter>
    </ClInclude>
    <ClInclude Include="fat_p\Tensor.h">
      <Filter>Header Files</Filter>
    </ClInclude>
    <ClInclude Include="fat_p\TensorEinsum.h">
      <Filter>Header Files</Filter>
    </ClInclude>
    <ClInclude Include="fat_p\TensorMath.h">
      <Filter>Header Files</Filter>
    </ClInclude>
    <ClInclude Include="fat_p\TensorSerializer.h">
      <Filter>Header Files</Filter>
    </ClInclude>
    <ClInclude Include="fat_p\TensorStorage.h">
      <Filter>Header Files</Filter>
    </ClInclude>
    <ClInclude Include="fat_p\ThreadPool.h">
      <Filter>Header Files</Filter>
    </ClInclude>
    <ClInclude Include="fat_p\TypeTraits.h">
      <Filter>Header Files</Filter>
    </ClInclude>
    <ClInclude Include="fat_p\ValueGuard.h">
      <Filter>Header Files</Filter>
    </ClInclude>
    <ClInclude Include="fat_p\ViewLifetimeTracking.h">
      <Filter>Header Files</Filter>
    </ClInclude>
    <ClInclude Include="fat_p\FatPBenchmarkUtils.h">
      <Filter>Header Files</Filter>
    </ClInclude>
    <ClInclude Include="fat_p\NodeHashMap.h">
      <Filter>Header Files</Filter>
    </ClInclude>
    <ClInclude Include="fat_p\FatPBenchmarkRunner.h">
      <Filter>Header Files</Filter>
    </ClInclude>
    <ClInclude Include="fat_p\FatPConfig.h">
      <Filter>Header Files</Filter>
    </ClInclude>
    <ClInclude Include="fat_p\PolicyIterator.h">
      <Filter>Header Files</Filter>
    </ClInclude>
    <ClInclude Include="fat_p\TensorStridePolicy.h">
      <Filter>Header Files</Filter>
    </ClInclude>
    <ClInclude Include="fat_p\TensorIteration.h">
      <Filter>Header Files</Filter>
    </ClInclude>
    <ClInclude Include="fat_p\AllocationStrategies.h">
      <Filter>Header Files</Filter>
    </ClInclude>
    <ClInclude Include="fat_p\ServiceLocator.h">
      <Filter>Header Files</Filter>
    </ClInclude>
  </ItemGroup>
</Project>